
Microsoft Visual Studio Solution File, Format Version 10.00
# Visual Studio 2008
Project("{FAE04EC0-301F-11D3-BF4B-00C04F79EFBC}") = "DSMPlugIn", "DsmPlugin\DSMPlugIn.csproj", "{B8FDC0F6-309D-483D-8B25-FC0BE0A1E287}"
EndProject
Project("{FAE04EC0-301F-11D3-BF4B-00C04F79EFBC}") = "DsmPlugInTestAssembly", "DsmPlugInTestAssembly\DsmPlugInTestAssembly.csproj", "{5B791EA1-CA1C-45AF-B945-B9F62DC838F7}"
EndProject
Project("{FAE04EC0-301F-11D3-BF4B-00C04F79EFBC}") = "PartitionTest", "PartitionTest\PartitionTest.csproj", "{B5977468-380D-4AB6-8FAB-CE60B10C85BD}"
EndProject
Project("{FAE04EC0-301F-11D3-BF4B-00C04F79EFBC}") = "ResourcesTest", "ResourcesTest\ResourcesTest.csproj", "{4B2D9606-4B4D-4614-9B2A-D978EACAF71F}"
EndProject
Project("{FAE04EC0-301F-11D3-BF4B-00C04F79EFBC}") = "DsmVsAddin", "DsmVsAddin\DsmVsAddin.csproj", "{604AC94F-7E5B-4028-BCCE-2C0D22CED300}"
EndProject
Project("{FAE04EC0-301F-11D3-BF4B-00C04F79EFBC}") = "Tests", "Tests\Tests.csproj", "{E63FB8A0-F5FB-43D0-BDAA-B8514AC8FAAE}"
EndProject
Project("{FAE04EC0-301F-11D3-BF4B-00C04F79EFBC}") = "VisualStudioTestDouble", "VisualStudioTestDouble\VisualStudioTestDouble.csproj", "{31A26750-8FA5-4CD7-8BAE-1CCA1FDCA866}"
EndProject
Global
	GlobalSection(SolutionConfigurationPlatforms) = preSolution
		Debug|Any CPU = Debug|Any CPU
		net_2_0_Debug|Any CPU = net_2_0_Debug|Any CPU
		net_2_0_Release|Any CPU = net_2_0_Release|Any CPU
		net_3_5_Debug|Any CPU = net_3_5_Debug|Any CPU
		net_3_5_Release|Any CPU = net_3_5_Release|Any CPU
		net_4_0_Debug|Any CPU = net_4_0_Debug|Any CPU
		net_4_0_Release|Any CPU = net_4_0_Release|Any CPU
		Release|Any CPU = Release|Any CPU
		silverlight_Debug|Any CPU = silverlight_Debug|Any CPU
		silverlight_Release|Any CPU = silverlight_Release|Any CPU
		winphone_Debug|Any CPU = winphone_Debug|Any CPU
		winphone_Release|Any CPU = winphone_Release|Any CPU
	EndGlobalSection
	GlobalSection(ProjectConfigurationPlatforms) = postSolution
		{B8FDC0F6-309D-483D-8B25-FC0BE0A1E287}.Debug|Any CPU.ActiveCfg = Debug|Any CPU
		{B8FDC0F6-309D-483D-8B25-FC0BE0A1E287}.Debug|Any CPU.Build.0 = Debug|Any CPU
		{B8FDC0F6-309D-483D-8B25-FC0BE0A1E287}.net_2_0_Debug|Any CPU.ActiveCfg = Debug|Any CPU
		{B8FDC0F6-309D-483D-8B25-FC0BE0A1E287}.net_2_0_Debug|Any CPU.Build.0 = Debug|Any CPU
		{B8FDC0F6-309D-483D-8B25-FC0BE0A1E287}.net_2_0_Release|Any CPU.ActiveCfg = Release|Any CPU
		{B8FDC0F6-309D-483D-8B25-FC0BE0A1E287}.net_2_0_Release|Any CPU.Build.0 = Release|Any CPU
		{B8FDC0F6-309D-483D-8B25-FC0BE0A1E287}.net_3_5_Debug|Any CPU.ActiveCfg = Debug|Any CPU
		{B8FDC0F6-309D-483D-8B25-FC0BE0A1E287}.net_3_5_Debug|Any CPU.Build.0 = Debug|Any CPU
		{B8FDC0F6-309D-483D-8B25-FC0BE0A1E287}.net_3_5_Release|Any CPU.ActiveCfg = Release|Any CPU
		{B8FDC0F6-309D-483D-8B25-FC0BE0A1E287}.net_3_5_Release|Any CPU.Build.0 = Release|Any CPU
		{B8FDC0F6-309D-483D-8B25-FC0BE0A1E287}.net_4_0_Debug|Any CPU.ActiveCfg = Debug|Any CPU
		{B8FDC0F6-309D-483D-8B25-FC0BE0A1E287}.net_4_0_Debug|Any CPU.Build.0 = Debug|Any CPU
		{B8FDC0F6-309D-483D-8B25-FC0BE0A1E287}.net_4_0_Release|Any CPU.ActiveCfg = Release|Any CPU
		{B8FDC0F6-309D-483D-8B25-FC0BE0A1E287}.net_4_0_Release|Any CPU.Build.0 = Release|Any CPU
		{B8FDC0F6-309D-483D-8B25-FC0BE0A1E287}.Release|Any CPU.ActiveCfg = Release|Any CPU
		{B8FDC0F6-309D-483D-8B25-FC0BE0A1E287}.Release|Any CPU.Build.0 = Release|Any CPU
		{B8FDC0F6-309D-483D-8B25-FC0BE0A1E287}.silverlight_Debug|Any CPU.ActiveCfg = Debug|Any CPU
		{B8FDC0F6-309D-483D-8B25-FC0BE0A1E287}.silverlight_Debug|Any CPU.Build.0 = Debug|Any CPU
		{B8FDC0F6-309D-483D-8B25-FC0BE0A1E287}.silverlight_Release|Any CPU.ActiveCfg = Release|Any CPU
		{B8FDC0F6-309D-483D-8B25-FC0BE0A1E287}.silverlight_Release|Any CPU.Build.0 = Release|Any CPU
		{B8FDC0F6-309D-483D-8B25-FC0BE0A1E287}.winphone_Debug|Any CPU.ActiveCfg = Debug|Any CPU
		{B8FDC0F6-309D-483D-8B25-FC0BE0A1E287}.winphone_Debug|Any CPU.Build.0 = Debug|Any CPU
		{B8FDC0F6-309D-483D-8B25-FC0BE0A1E287}.winphone_Release|Any CPU.ActiveCfg = Release|Any CPU
		{B8FDC0F6-309D-483D-8B25-FC0BE0A1E287}.winphone_Release|Any CPU.Build.0 = Release|Any CPU
		{5B791EA1-CA1C-45AF-B945-B9F62DC838F7}.Debug|Any CPU.ActiveCfg = Debug|Any CPU
		{5B791EA1-CA1C-45AF-B945-B9F62DC838F7}.Debug|Any CPU.Build.0 = Debug|Any CPU
		{5B791EA1-CA1C-45AF-B945-B9F62DC838F7}.net_2_0_Debug|Any CPU.ActiveCfg = Debug|Any CPU
		{5B791EA1-CA1C-45AF-B945-B9F62DC838F7}.net_2_0_Debug|Any CPU.Build.0 = Debug|Any CPU
		{5B791EA1-CA1C-45AF-B945-B9F62DC838F7}.net_2_0_Release|Any CPU.ActiveCfg = Release|Any CPU
		{5B791EA1-CA1C-45AF-B945-B9F62DC838F7}.net_2_0_Release|Any CPU.Build.0 = Release|Any CPU
		{5B791EA1-CA1C-45AF-B945-B9F62DC838F7}.net_3_5_Debug|Any CPU.ActiveCfg = Debug|Any CPU
		{5B791EA1-CA1C-45AF-B945-B9F62DC838F7}.net_3_5_Debug|Any CPU.Build.0 = Debug|Any CPU
		{5B791EA1-CA1C-45AF-B945-B9F62DC838F7}.net_3_5_Release|Any CPU.ActiveCfg = Release|Any CPU
		{5B791EA1-CA1C-45AF-B945-B9F62DC838F7}.net_3_5_Release|Any CPU.Build.0 = Release|Any CPU
		{5B791EA1-CA1C-45AF-B945-B9F62DC838F7}.net_4_0_Debug|Any CPU.ActiveCfg = Debug|Any CPU
		{5B791EA1-CA1C-45AF-B945-B9F62DC838F7}.net_4_0_Debug|Any CPU.Build.0 = Debug|Any CPU
		{5B791EA1-CA1C-45AF-B945-B9F62DC838F7}.net_4_0_Release|Any CPU.ActiveCfg = Release|Any CPU
		{5B791EA1-CA1C-45AF-B945-B9F62DC838F7}.net_4_0_Release|Any CPU.Build.0 = Release|Any CPU
		{5B791EA1-CA1C-45AF-B945-B9F62DC838F7}.Release|Any CPU.ActiveCfg = Release|Any CPU
		{5B791EA1-CA1C-45AF-B945-B9F62DC838F7}.Release|Any CPU.Build.0 = Release|Any CPU
		{5B791EA1-CA1C-45AF-B945-B9F62DC838F7}.silverlight_Debug|Any CPU.ActiveCfg = Debug|Any CPU
		{5B791EA1-CA1C-45AF-B945-B9F62DC838F7}.silverlight_Debug|Any CPU.Build.0 = Debug|Any CPU
		{5B791EA1-CA1C-45AF-B945-B9F62DC838F7}.silverlight_Release|Any CPU.ActiveCfg = Release|Any CPU
		{5B791EA1-CA1C-45AF-B945-B9F62DC838F7}.silverlight_Release|Any CPU.Build.0 = Release|Any CPU
		{5B791EA1-CA1C-45AF-B945-B9F62DC838F7}.winphone_Debug|Any CPU.ActiveCfg = Debug|Any CPU
		{5B791EA1-CA1C-45AF-B945-B9F62DC838F7}.winphone_Debug|Any CPU.Build.0 = Debug|Any CPU
		{5B791EA1-CA1C-45AF-B945-B9F62DC838F7}.winphone_Release|Any CPU.ActiveCfg = Release|Any CPU
		{5B791EA1-CA1C-45AF-B945-B9F62DC838F7}.winphone_Release|Any CPU.Build.0 = Release|Any CPU
		{B5977468-380D-4AB6-8FAB-CE60B10C85BD}.Debug|Any CPU.ActiveCfg = Debug|Any CPU
		{B5977468-380D-4AB6-8FAB-CE60B10C85BD}.Debug|Any CPU.Build.0 = Debug|Any CPU
		{B5977468-380D-4AB6-8FAB-CE60B10C85BD}.net_2_0_Debug|Any CPU.ActiveCfg = Debug|Any CPU
		{B5977468-380D-4AB6-8FAB-CE60B10C85BD}.net_2_0_Debug|Any CPU.Build.0 = Debug|Any CPU
		{B5977468-380D-4AB6-8FAB-CE60B10C85BD}.net_2_0_Release|Any CPU.ActiveCfg = Release|Any CPU
		{B5977468-380D-4AB6-8FAB-CE60B10C85BD}.net_2_0_Release|Any CPU.Build.0 = Release|Any CPU
		{B5977468-380D-4AB6-8FAB-CE60B10C85BD}.net_3_5_Debug|Any CPU.ActiveCfg = Debug|Any CPU
		{B5977468-380D-4AB6-8FAB-CE60B10C85BD}.net_3_5_Debug|Any CPU.Build.0 = Debug|Any CPU
		{B5977468-380D-4AB6-8FAB-CE60B10C85BD}.net_3_5_Release|Any CPU.ActiveCfg = Release|Any CPU
		{B5977468-380D-4AB6-8FAB-CE60B10C85BD}.net_3_5_Release|Any CPU.Build.0 = Release|Any CPU
		{B5977468-380D-4AB6-8FAB-CE60B10C85BD}.net_4_0_Debug|Any CPU.ActiveCfg = Debug|Any CPU
		{B5977468-380D-4AB6-8FAB-CE60B10C85BD}.net_4_0_Debug|Any CPU.Build.0 = Debug|Any CPU
		{B5977468-380D-4AB6-8FAB-CE60B10C85BD}.net_4_0_Release|Any CPU.ActiveCfg = Release|Any CPU
		{B5977468-380D-4AB6-8FAB-CE60B10C85BD}.net_4_0_Release|Any CPU.Build.0 = Release|Any CPU
		{B5977468-380D-4AB6-8FAB-CE60B10C85BD}.Release|Any CPU.ActiveCfg = Release|Any CPU
		{B5977468-380D-4AB6-8FAB-CE60B10C85BD}.Release|Any CPU.Build.0 = Release|Any CPU
		{B5977468-380D-4AB6-8FAB-CE60B10C85BD}.silverlight_Debug|Any CPU.ActiveCfg = Debug|Any CPU
		{B5977468-380D-4AB6-8FAB-CE60B10C85BD}.silverlight_Debug|Any CPU.Build.0 = Debug|Any CPU
		{B5977468-380D-4AB6-8FAB-CE60B10C85BD}.silverlight_Release|Any CPU.ActiveCfg = Release|Any CPU
		{B5977468-380D-4AB6-8FAB-CE60B10C85BD}.silverlight_Release|Any CPU.Build.0 = Release|Any CPU
		{B5977468-380D-4AB6-8FAB-CE60B10C85BD}.winphone_Debug|Any CPU.ActiveCfg = Debug|Any CPU
		{B5977468-380D-4AB6-8FAB-CE60B10C85BD}.winphone_Debug|Any CPU.Build.0 = Debug|Any CPU
		{B5977468-380D-4AB6-8FAB-CE60B10C85BD}.winphone_Release|Any CPU.ActiveCfg = Release|Any CPU
		{B5977468-380D-4AB6-8FAB-CE60B10C85BD}.winphone_Release|Any CPU.Build.0 = Release|Any CPU
		{4B2D9606-4B4D-4614-9B2A-D978EACAF71F}.Debug|Any CPU.ActiveCfg = Debug|Any CPU
		{4B2D9606-4B4D-4614-9B2A-D978EACAF71F}.Debug|Any CPU.Build.0 = Debug|Any CPU
		{4B2D9606-4B4D-4614-9B2A-D978EACAF71F}.net_2_0_Debug|Any CPU.ActiveCfg = Debug|Any CPU
		{4B2D9606-4B4D-4614-9B2A-D978EACAF71F}.net_2_0_Debug|Any CPU.Build.0 = Debug|Any CPU
		{4B2D9606-4B4D-4614-9B2A-D978EACAF71F}.net_2_0_Release|Any CPU.ActiveCfg = Release|Any CPU
		{4B2D9606-4B4D-4614-9B2A-D978EACAF71F}.net_2_0_Release|Any CPU.Build.0 = Release|Any CPU
		{4B2D9606-4B4D-4614-9B2A-D978EACAF71F}.net_3_5_Debug|Any CPU.ActiveCfg = Debug|Any CPU
		{4B2D9606-4B4D-4614-9B2A-D978EACAF71F}.net_3_5_Debug|Any CPU.Build.0 = Debug|Any CPU
		{4B2D9606-4B4D-4614-9B2A-D978EACAF71F}.net_3_5_Release|Any CPU.ActiveCfg = Release|Any CPU
		{4B2D9606-4B4D-4614-9B2A-D978EACAF71F}.net_3_5_Release|Any CPU.Build.0 = Release|Any CPU
		{4B2D9606-4B4D-4614-9B2A-D978EACAF71F}.net_4_0_Debug|Any CPU.ActiveCfg = Debug|Any CPU
		{4B2D9606-4B4D-4614-9B2A-D978EACAF71F}.net_4_0_Debug|Any CPU.Build.0 = Debug|Any CPU
		{4B2D9606-4B4D-4614-9B2A-D978EACAF71F}.net_4_0_Release|Any CPU.ActiveCfg = Release|Any CPU
		{4B2D9606-4B4D-4614-9B2A-D978EACAF71F}.net_4_0_Release|Any CPU.Build.0 = Release|Any CPU
		{4B2D9606-4B4D-4614-9B2A-D978EACAF71F}.Release|Any CPU.ActiveCfg = Release|Any CPU
		{4B2D9606-4B4D-4614-9B2A-D978EACAF71F}.Release|Any CPU.Build.0 = Release|Any CPU
		{4B2D9606-4B4D-4614-9B2A-D978EACAF71F}.silverlight_Debug|Any CPU.ActiveCfg = Debug|Any CPU
		{4B2D9606-4B4D-4614-9B2A-D978EACAF71F}.silverlight_Debug|Any CPU.Build.0 = Debug|Any CPU
		{4B2D9606-4B4D-4614-9B2A-D978EACAF71F}.silverlight_Release|Any CPU.ActiveCfg = Release|Any CPU
		{4B2D9606-4B4D-4614-9B2A-D978EACAF71F}.silverlight_Release|Any CPU.Build.0 = Release|Any CPU
		{4B2D9606-4B4D-4614-9B2A-D978EACAF71F}.winphone_Debug|Any CPU.ActiveCfg = Debug|Any CPU
		{4B2D9606-4B4D-4614-9B2A-D978EACAF71F}.winphone_Debug|Any CPU.Build.0 = Debug|Any CPU
		{4B2D9606-4B4D-4614-9B2A-D978EACAF71F}.winphone_Release|Any CPU.ActiveCfg = Release|Any CPU
		{4B2D9606-4B4D-4614-9B2A-D978EACAF71F}.winphone_Release|Any CPU.Build.0 = Release|Any CPU
		{604AC94F-7E5B-4028-BCCE-2C0D22CED300}.Debug|Any CPU.ActiveCfg = Debug|Any CPU
		{604AC94F-7E5B-4028-BCCE-2C0D22CED300}.Debug|Any CPU.Build.0 = Debug|Any CPU
		{604AC94F-7E5B-4028-BCCE-2C0D22CED300}.net_2_0_Debug|Any CPU.ActiveCfg = Debug|Any CPU
		{604AC94F-7E5B-4028-BCCE-2C0D22CED300}.net_2_0_Debug|Any CPU.Build.0 = Debug|Any CPU
		{604AC94F-7E5B-4028-BCCE-2C0D22CED300}.net_2_0_Release|Any CPU.ActiveCfg = Release|Any CPU
		{604AC94F-7E5B-4028-BCCE-2C0D22CED300}.net_2_0_Release|Any CPU.Build.0 = Release|Any CPU
		{604AC94F-7E5B-4028-BCCE-2C0D22CED300}.net_3_5_Debug|Any CPU.ActiveCfg = Debug|Any CPU
		{604AC94F-7E5B-4028-BCCE-2C0D22CED300}.net_3_5_Debug|Any CPU.Build.0 = Debug|Any CPU
		{604AC94F-7E5B-4028-BCCE-2C0D22CED300}.net_3_5_Release|Any CPU.ActiveCfg = Release|Any CPU
		{604AC94F-7E5B-4028-BCCE-2C0D22CED300}.net_3_5_Release|Any CPU.Build.0 = Release|Any CPU
		{604AC94F-7E5B-4028-BCCE-2C0D22CED300}.net_4_0_Debug|Any CPU.ActiveCfg = Debug|Any CPU
		{604AC94F-7E5B-4028-BCCE-2C0D22CED300}.net_4_0_Debug|Any CPU.Build.0 = Debug|Any CPU
		{604AC94F-7E5B-4028-BCCE-2C0D22CED300}.net_4_0_Release|Any CPU.ActiveCfg = Release|Any CPU
		{604AC94F-7E5B-4028-BCCE-2C0D22CED300}.net_4_0_Release|Any CPU.Build.0 = Release|Any CPU
		{604AC94F-7E5B-4028-BCCE-2C0D22CED300}.Release|Any CPU.ActiveCfg = Release|Any CPU
		{604AC94F-7E5B-4028-BCCE-2C0D22CED300}.Release|Any CPU.Build.0 = Release|Any CPU
		{604AC94F-7E5B-4028-BCCE-2C0D22CED300}.silverlight_Debug|Any CPU.ActiveCfg = Debug|Any CPU
		{604AC94F-7E5B-4028-BCCE-2C0D22CED300}.silverlight_Debug|Any CPU.Build.0 = Debug|Any CPU
		{604AC94F-7E5B-4028-BCCE-2C0D22CED300}.silverlight_Release|Any CPU.ActiveCfg = Release|Any CPU
		{604AC94F-7E5B-4028-BCCE-2C0D22CED300}.silverlight_Release|Any CPU.Build.0 = Release|Any CPU
		{604AC94F-7E5B-4028-BCCE-2C0D22CED300}.winphone_Debug|Any CPU.ActiveCfg = Debug|Any CPU
		{604AC94F-7E5B-4028-BCCE-2C0D22CED300}.winphone_Debug|Any CPU.Build.0 = Debug|Any CPU
		{604AC94F-7E5B-4028-BCCE-2C0D22CED300}.winphone_Release|Any CPU.ActiveCfg = Release|Any CPU
		{604AC94F-7E5B-4028-BCCE-2C0D22CED300}.winphone_Release|Any CPU.Build.0 = Release|Any CPU
		{E63FB8A0-F5FB-43D0-BDAA-B8514AC8FAAE}.Debug|Any CPU.ActiveCfg = Debug|Any CPU
		{E63FB8A0-F5FB-43D0-BDAA-B8514AC8FAAE}.Debug|Any CPU.Build.0 = Debug|Any CPU
		{E63FB8A0-F5FB-43D0-BDAA-B8514AC8FAAE}.net_2_0_Debug|Any CPU.ActiveCfg = Debug|Any CPU
		{E63FB8A0-F5FB-43D0-BDAA-B8514AC8FAAE}.net_2_0_Debug|Any CPU.Build.0 = Debug|Any CPU
		{E63FB8A0-F5FB-43D0-BDAA-B8514AC8FAAE}.net_2_0_Release|Any CPU.ActiveCfg = Release|Any CPU
		{E63FB8A0-F5FB-43D0-BDAA-B8514AC8FAAE}.net_2_0_Release|Any CPU.Build.0 = Release|Any CPU
		{E63FB8A0-F5FB-43D0-BDAA-B8514AC8FAAE}.net_3_5_Debug|Any CPU.ActiveCfg = Debug|Any CPU
		{E63FB8A0-F5FB-43D0-BDAA-B8514AC8FAAE}.net_3_5_Debug|Any CPU.Build.0 = Debug|Any CPU
		{E63FB8A0-F5FB-43D0-BDAA-B8514AC8FAAE}.net_3_5_Release|Any CPU.ActiveCfg = Release|Any CPU
		{E63FB8A0-F5FB-43D0-BDAA-B8514AC8FAAE}.net_3_5_Release|Any CPU.Build.0 = Release|Any CPU
		{E63FB8A0-F5FB-43D0-BDAA-B8514AC8FAAE}.net_4_0_Debug|Any CPU.ActiveCfg = Debug|Any CPU
		{E63FB8A0-F5FB-43D0-BDAA-B8514AC8FAAE}.net_4_0_Debug|Any CPU.Build.0 = Debug|Any CPU
		{E63FB8A0-F5FB-43D0-BDAA-B8514AC8FAAE}.net_4_0_Release|Any CPU.ActiveCfg = Release|Any CPU
		{E63FB8A0-F5FB-43D0-BDAA-B8514AC8FAAE}.net_4_0_Release|Any CPU.Build.0 = Release|Any CPU
		{E63FB8A0-F5FB-43D0-BDAA-B8514AC8FAAE}.Release|Any CPU.ActiveCfg = Release|Any CPU
		{E63FB8A0-F5FB-43D0-BDAA-B8514AC8FAAE}.Release|Any CPU.Build.0 = Release|Any CPU
		{E63FB8A0-F5FB-43D0-BDAA-B8514AC8FAAE}.silverlight_Debug|Any CPU.ActiveCfg = Debug|Any CPU
		{E63FB8A0-F5FB-43D0-BDAA-B8514AC8FAAE}.silverlight_Debug|Any CPU.Build.0 = Debug|Any CPU
		{E63FB8A0-F5FB-43D0-BDAA-B8514AC8FAAE}.silverlight_Release|Any CPU.ActiveCfg = Release|Any CPU
		{E63FB8A0-F5FB-43D0-BDAA-B8514AC8FAAE}.silverlight_Release|Any CPU.Build.0 = Release|Any CPU
		{E63FB8A0-F5FB-43D0-BDAA-B8514AC8FAAE}.winphone_Debug|Any CPU.ActiveCfg = Debug|Any CPU
		{E63FB8A0-F5FB-43D0-BDAA-B8514AC8FAAE}.winphone_Debug|Any CPU.Build.0 = Debug|Any CPU
		{E63FB8A0-F5FB-43D0-BDAA-B8514AC8FAAE}.winphone_Release|Any CPU.ActiveCfg = Release|Any CPU
		{E63FB8A0-F5FB-43D0-BDAA-B8514AC8FAAE}.winphone_Release|Any CPU.Build.0 = Release|Any CPU
		{31A26750-8FA5-4CD7-8BAE-1CCA1FDCA866}.Debug|Any CPU.ActiveCfg = Debug|Any CPU
		{31A26750-8FA5-4CD7-8BAE-1CCA1FDCA866}.Debug|Any CPU.Build.0 = Debug|Any CPU
		{31A26750-8FA5-4CD7-8BAE-1CCA1FDCA866}.net_2_0_Debug|Any CPU.ActiveCfg = Debug|Any CPU
		{31A26750-8FA5-4CD7-8BAE-1CCA1FDCA866}.net_2_0_Debug|Any CPU.Build.0 = Debug|Any CPU
		{31A26750-8FA5-4CD7-8BAE-1CCA1FDCA866}.net_2_0_Release|Any CPU.ActiveCfg = Release|Any CPU
		{31A26750-8FA5-4CD7-8BAE-1CCA1FDCA866}.net_2_0_Release|Any CPU.Build.0 = Release|Any CPU
		{31A26750-8FA5-4CD7-8BAE-1CCA1FDCA866}.net_3_5_Debug|Any CPU.ActiveCfg = Debug|Any CPU
		{31A26750-8FA5-4CD7-8BAE-1CCA1FDCA866}.net_3_5_Debug|Any CPU.Build.0 = Debug|Any CPU
		{31A26750-8FA5-4CD7-8BAE-1CCA1FDCA866}.net_3_5_Release|Any CPU.ActiveCfg = Release|Any CPU
		{31A26750-8FA5-4CD7-8BAE-1CCA1FDCA866}.net_3_5_Release|Any CPU.Build.0 = Release|Any CPU
		{31A26750-8FA5-4CD7-8BAE-1CCA1FDCA866}.net_4_0_Debug|Any CPU.ActiveCfg = Debug|Any CPU
		{31A26750-8FA5-4CD7-8BAE-1CCA1FDCA866}.net_4_0_Debug|Any CPU.Build.0 = Debug|Any CPU
		{31A26750-8FA5-4CD7-8BAE-1CCA1FDCA866}.net_4_0_Release|Any CPU.ActiveCfg = Release|Any CPU
		{31A26750-8FA5-4CD7-8BAE-1CCA1FDCA866}.net_4_0_Release|Any CPU.Build.0 = Release|Any CPU
		{31A26750-8FA5-4CD7-8BAE-1CCA1FDCA866}.Release|Any CPU.ActiveCfg = Release|Any CPU
		{31A26750-8FA5-4CD7-8BAE-1CCA1FDCA866}.Release|Any CPU.Build.0 = Release|Any CPU
		{31A26750-8FA5-4CD7-8BAE-1CCA1FDCA866}.silverlight_Debug|Any CPU.ActiveCfg = Debug|Any CPU
		{31A26750-8FA5-4CD7-8BAE-1CCA1FDCA866}.silverlight_Debug|Any CPU.Build.0 = Debug|Any CPU
		{31A26750-8FA5-4CD7-8BAE-1CCA1FDCA866}.silverlight_Release|Any CPU.ActiveCfg = Release|Any CPU
		{31A26750-8FA5-4CD7-8BAE-1CCA1FDCA866}.silverlight_Release|Any CPU.Build.0 = Release|Any CPU
		{31A26750-8FA5-4CD7-8BAE-1CCA1FDCA866}.winphone_Debug|Any CPU.ActiveCfg = Debug|Any CPU
		{31A26750-8FA5-4CD7-8BAE-1CCA1FDCA866}.winphone_Debug|Any CPU.Build.0 = Debug|Any CPU
		{31A26750-8FA5-4CD7-8BAE-1CCA1FDCA866}.winphone_Release|Any CPU.ActiveCfg = Release|Any CPU
		{31A26750-8FA5-4CD7-8BAE-1CCA1FDCA866}.winphone_Release|Any CPU.Build.0 = Release|Any CPU
	EndGlobalSection
	GlobalSection(SolutionProperties) = preSolution
		HideSolutionNode = FALSE
	EndGlobalSection
EndGlobal
